
Microsoft Visual Studio Solution File, Format Version 12.00
# Visual Studio Version 17
VisualStudioVersion = 17.5.33424.131
MinimumVisualStudioVersion = 10.0.40219.1
Project("{8BC9CEB8-8B4A-11D0-8D11-00A0C91BC942}") = "replace", "replace.vcxproj", "{E346A6CB-6687-437F-9B81-B004D0C17993}"
EndProject
Global
	GlobalSection(SolutionConfigurationPlatforms) = preSolution
		Debug|x64 = Debug|x64
		Debug|x86 = Debug|x86
		Release|x64 = Release|x64
		Release|x86 = Release|x86
	EndGlobalSection
	GlobalSection(ProjectConfigurationPlatforms) = postSolution
		{E346A6CB-6687-437F-9B81-B004D0C17993}.Debug|x64.ActiveCfg = Debug|x64
		{E346A6CB-6687-437F-9B81-B004D0C17993}.Debug|x64.Build.0 = Debug|x64
		{E346A6CB-6687-437F-9B81-B004D0C17993}.Debug|x86.ActiveCfg = Debug|Win32
		{E346A6CB-6687-437F-9B81-B004D0C17993}.Debug|x86.Build.0 = Debug|Win32
		{E346A6CB-6687-437F-9B81-B004D0C17993}.Release|x64.ActiveCfg = Release|x64
		{E346A6CB-6687-437F-9B81-B004D0C17993}.Release|x64.Build.0 = Release|x64
		{E346A6CB-6687-437F-9B81-B004D0C17993}.Release|x86.ActiveCfg = Release|Win32
		{E346A6CB-6687-437F-9B81-B004D0C17993}.Release|x86.Build.0 = Release|Win32
	EndGlobalSection
	GlobalSection(SolutionProperties) = preSolution
		HideSolutionNode = FALSE
	EndGlobalSection
	GlobalSection(ExtensibilityGlobals) = postSolution
		SolutionGuid = {08DE5EB1-A7CA-4390-B26C-A6AB73B5F6FF}
	EndGlobalSection
EndGlobal
